{
  "name": "housing-price-estimator",
  "lockfileVersion": 3,
  "requires": true,
  "packages": {
    "": {
      "name": "housing-price-estimator",
      "dependencies": {
        "ml-random-forest": "^2.1.0"
      },
      "devDependencies": {
        "csvtojson": "^2.0.10"
      }
    },
    "node_modules/bluebird": {
      "version": "3.7.2",
      "resolved": "https://registry.npmjs.org/bluebird/-/bluebird-3.7.2.tgz",
      "integrity": "sha512-XpNj6GDQzdfW+r2Wnn7xiSAd7TM3jzkxGXBGTtWKuSXv1xUV+azxAm8jdWZN06QTQk+2N2XB9jRDkvbmQmcRtg==",
      "dev": true,
      "license": "MIT"
    },
    "node_modules/csvtojson": {
      "version": "2.0.10",
      "resolved": "https://registry.npmjs.org/csvtojson/-/csvtojson-2.0.10.tgz",
      "integrity": "sha512-lUWFxGKyhraKCW8Qghz6Z0f2l/PqB1W3AO0HKJzGIQ5JRSlR651ekJDiGJbBT4sRNNv5ddnSGVEnsxP9XRCVpQ==",
      "dev": true,
      "license": "MIT",
      "dependencies": {
        "bluebird": "^3.5.1",
        "lodash": "^4.17.3",
        "strip-bom": "^2.0.0"
      },
      "bin": {
        "csvtojson": "bin/csvtojson"
      },
      "engines": {
        "node": ">=4.0.0"
      }
    },
    "node_modules/is-any-array": {
      "version": "2.0.1",
      "resolved": "https://registry.npmjs.org/is-any-array/-/is-any-array-2.0.1.tgz",
      "integrity": "sha512-UtilS7hLRu++wb/WBAw9bNuP1Eg04Ivn1vERJck8zJthEvXCBEBpGR/33u/xLKWEQf95803oalHrVDptcAvFdQ==",
      "license": "MIT"
    },
    "node_modules/is-utf8": {
      "version": "0.2.1",
      "resolved": "https://registry.npmjs.org/is-utf8/-/is-utf8-0.2.1.tgz",
      "integrity": "sha512-rMYPYvCzsXywIsldgLaSoPlw5PfoB/ssr7hY4pLfcodrA5M/eArza1a9VmTiNIBNMjOGr1Ow9mTyU2o69U6U9Q==",
      "dev": true,
      "license": "MIT"
    },
    "node_modules/lodash": {
      "version": "4.17.21",
      "resolved": "https://registry.npmjs.org/lodash/-/lodash-4.17.21.tgz",
      "integrity": "sha512-v2kDEe57lecTulaDIuNTPy3Ry4gLGJ6Z1O3vE1krgXZNrsQ+LFTGHVxVjcXPs17LhbZVGedAJv8XZ1tvj5FvSg==",
      "dev": true,
      "license": "MIT"
    },
    "node_modules/median-quickselect": {
      "version": "1.0.1",
      "resolved": "https://registry.npmjs.org/median-quickselect/-/median-quickselect-1.0.1.tgz",
      "integrity": "sha512-/QL9ptNuLsdA68qO+2o10TKCyu621zwwTFdLvtu8rzRNKsn8zvuGoq/vDxECPyELFG8wu+BpyoMR9BnsJqfVZQ==",
      "license": "ISC"
    },
    "node_modules/ml-array-max": {
      "version": "1.2.4",
      "resolved": "https://registry.npmjs.org/ml-array-max/-/ml-array-max-1.2.4.tgz",
      "integrity": "sha512-BlEeg80jI0tW6WaPyGxf5Sa4sqvcyY6lbSn5Vcv44lp1I2GR6AWojfUvLnGTNsIXrZ8uqWmo8VcG1WpkI2ONMQ==",
      "license": "MIT",
      "dependencies": {
        "is-any-array": "^2.0.0"
      }
    },
    "node_modules/ml-array-mean": {
      "version": "1.1.6",
      "resolved": "https://registry.npmjs.org/ml-array-mean/-/ml-array-mean-1.1.6.tgz",
      "integrity": "sha512-MIdf7Zc8HznwIisyiJGRH9tRigg3Yf4FldW8DxKxpCCv/g5CafTw0RRu51nojVEOXuCQC7DRVVu5c7XXO/5joQ==",
      "license": "MIT",
      "dependencies": {
        "ml-array-sum": "^1.1.6"
      }
    },
    "node_modules/ml-array-median": {
      "version": "1.1.6",
      "resolved": "https://registry.npmjs.org/ml-array-median/-/ml-array-median-1.1.6.tgz",
      "integrity": "sha512-V6bV6bTPFRX8v5CaAx/7fuRXC39LLTHfPSVZZafdNaqNz2PFL5zEA7gesjv8dMXh+gwPeUMtB5QPovlTBaa4sw==",
      "license": "MIT",
      "dependencies": {
        "is-any-array": "^2.0.0",
        "median-quickselect": "^1.0.1"
      }
    },
    "node_modules/ml-array-min": {
      "version": "1.2.3",
      "resolved": "https://registry.npmjs.org/ml-array-min/-/ml-array-min-1.2.3.tgz",
      "integrity": "sha512-VcZ5f3VZ1iihtrGvgfh/q0XlMobG6GQ8FsNyQXD3T+IlstDv85g8kfV0xUG1QPRO/t21aukaJowDzMTc7j5V6Q==",
      "license": "MIT",
      "dependencies": {
        "is-any-array": "^2.0.0"
      }
    },
    "node_modules/ml-array-mode": {
      "version": "1.1.5",
      "resolved": "https://registry.npmjs.org/ml-array-mode/-/ml-array-mode-1.1.5.tgz",
      "integrity": "sha512-30dWTShQq05UzL+ZoG5OuuDvRl3APdz/bHwgZTgqRAJKOZApaWNQxg/ZnN5i/Uls3AjqabRZ70/QhX+/0bfZEA==",
      "license": "MIT",
      "dependencies": {
        "is-any-array": "^2.0.0"
      }
    },
    "node_modules/ml-array-rescale": {
      "version": "1.3.7",
      "resolved": "https://registry.npmjs.org/ml-array-rescale/-/ml-array-rescale-1.3.7.tgz",
      "integrity": "sha512-48NGChTouvEo9KBctDfHC3udWnQKNKEWN0ziELvY3KG25GR5cA8K8wNVzracsqSW1QEkAXjTNx+ycgAv06/1mQ==",
      "license": "MIT",
      "dependencies": {
        "is-any-array": "^2.0.0",
        "ml-array-max": "^1.2.4",
        "ml-array-min": "^1.2.3"
      }
    },
    "node_modules/ml-array-sum": {
      "version": "1.1.6",
      "resolved": "https://registry.npmjs.org/ml-array-sum/-/ml-array-sum-1.1.6.tgz",
      "integrity": "sha512-29mAh2GwH7ZmiRnup4UyibQZB9+ZLyMShvt4cH4eTK+cL2oEMIZFnSyB3SS8MlsTh6q/w/yh48KmqLxmovN4Dw==",
      "license": "MIT",
      "dependencies": {
        "is-any-array": "^2.0.0"
      }
    },
    "node_modules/ml-cart": {
      "version": "2.1.1",
      "resolved": "https://registry.npmjs.org/ml-cart/-/ml-cart-2.1.1.tgz",
      "integrity": "sha512-f6rIj4EzbjqKLJa2Qmm5AjZ0WVgk+Y7J1N/+pQVaFr0d4oM1uZPLOh5h665LyH+bLBHTFEbvSR4OLKmJRQ8KfA==",
      "license": "MIT",
      "dependencies": {
        "ml-array-mean": "^1.1.5",
        "ml-matrix": "^6.8.2"
      }
    },
    "node_modules/ml-matrix": {
      "version": "6.12.1",
      "resolved": "https://registry.npmjs.org/ml-matrix/-/ml-matrix-6.12.1.tgz",
      "integrity": "sha512-TJ+8eOFdp+INvzR4zAuwBQJznDUfktMtOB6g/hUcGh3rcyjxbz4Te57Pgri8Q9bhSQ7Zys4IYOGhFdnlgeB6Lw==",
      "license": "MIT",
      "dependencies": {
        "is-any-array": "^2.0.1",
        "ml-array-rescale": "^1.3.7"
      }
    },
    "node_modules/ml-random-forest": {
      "version": "2.1.0",
      "resolved": "https://registry.npmjs.org/ml-random-forest/-/ml-random-forest-2.1.0.tgz",
      "integrity": "sha512-5PpfMFWdCxchjte7N6W38XNqycbheOadrfKySV0mojAfKorXy1HnPLthz3NFDnSO4nnIOaxRtr26bc4ZQaautA==",
      "license": "MIT",
      "dependencies": {
        "ml-array-mean": "^1.1.5",
        "ml-array-median": "^1.1.5",
        "ml-array-mode": "^1.1.4",
        "ml-cart": "^2.1.1",
        "ml-matrix": "^6.8.2",
        "random-js": "^2.1.0"
      }
    },
    "node_modules/random-js": {
      "version": "2.1.0",
      "resolved": "https://registry.npmjs.org/random-js/-/random-js-2.1.0.tgz",
      "integrity": "sha512-CRUyWmnzmZBA7RZSVGq0xMqmgCyPPxbiKNLFA5ud7KenojVX2s7Gv+V7eB52beKTPGxWRnVZ7D/tCIgYJJ8vNQ==",
      "license": "MIT"
    },
    "node_modules/strip-bom": {
      "version": "2.0.0",
      "resolved": "https://registry.npmjs.org/strip-bom/-/strip-bom-2.0.0.tgz",
      "integrity": "sha512-kwrX1y7czp1E69n2ajbG65mIo9dqvJ+8aBQXOGVxqwvNbsXdFM6Lq37dLAY3mknUwru8CfcCbfOLL/gMo+fi3g==",
      "dev": true,
      "license": "MIT",
      "dependencies": {
        "is-utf8": "^0.2.0"
      },
      "engines": {
        "node": ">=0.10.0"
      }
    }
  }
}
