{
  "name": "nfl-bot",
  "lockfileVersion": 3,
  "requires": true,
  "packages": {
    "": {
      "dependencies": {
        "forestjs": "^1.0.0"
      },
      "devDependencies": {
        "csvtojson": "^2.0.10"
      }
    },
    "node_modules/bluebird": {
      "version": "3.7.2",
      "resolved": "https://registry.npmjs.org/bluebird/-/bluebird-3.7.2.tgz",
      "integrity": "sha512-XpNj6GDQzdfW+r2Wnn7xiSAd7TM3jzkxGXBGTtWKuSXv1xUV+azxAm8jdWZN06QTQk+2N2XB9jRDkvbmQmcRtg==",
      "dev": true,
      "license": "MIT"
    },
    "node_modules/core-util-is": {
      "version": "1.0.3",
      "resolved": "https://registry.npmjs.org/core-util-is/-/core-util-is-1.0.3.tgz",
      "integrity": "sha512-ZQBvi1DcpJ4GDqanjucZ2Hj3wEO5pZDS89BWbkcrvdxksJorwUDDZamX9ldFkp9aw2lmBDLgkObEA4DWNJ9FYQ==",
      "license": "MIT"
    },
    "node_modules/crowdprocess": {
      "version": "0.5.12",
      "resolved": "https://registry.npmjs.org/crowdprocess/-/crowdprocess-0.5.12.tgz",
      "integrity": "sha512-KDWdM0BGx/Cy3bUB4rR9mLDXqxx6yj/LgjC+r+IC+fwRwB3tyO2c2zsRDHooq25aZ8BeOoZBgJ0TqzUEeUTz7w==",
      "license": "MIT",
      "dependencies": {
        "crp-job-client": "*",
        "crp-stream-client": "*",
        "readable-stream": "~1.1.10"
      }
    },
    "node_modules/crp-job-client": {
      "version": "2.0.9",
      "resolved": "https://registry.npmjs.org/crp-job-client/-/crp-job-client-2.0.9.tgz",
      "integrity": "sha512-d0kLvI79fm2c+5+ISet8FxWkKR6/19fmvk1gp7WpGus1wU5Gxl9YemqrDPzQmU0BXBe2qI5OzeLCsVO/WuF79g==",
      "dependencies": {
        "hyperquest": "~0.3.0",
        "stream2buffer": "~0.0.4"
      }
    },
    "node_modules/crp-stream-client": {
      "version": "0.0.12",
      "resolved": "https://registry.npmjs.org/crp-stream-client/-/crp-stream-client-0.0.12.tgz",
      "integrity": "sha512-kdm2TrtawZx0olDipa3MZE9xtlwMsugvYeWTnNs5U079ajFKdkSONWPY9RafA3rUSrDtZ/JPxI9SEK+9pTHniQ==",
      "license": "BSD-2-Clause",
      "dependencies": {
        "hyperquest": "~0.3.0",
        "newline-json": "~0.1.1"
      }
    },
    "node_modules/csvtojson": {
      "version": "2.0.10",
      "resolved": "https://registry.npmjs.org/csvtojson/-/csvtojson-2.0.10.tgz",
      "integrity": "sha512-lUWFxGKyhraKCW8Qghz6Z0f2l/PqB1W3AO0HKJzGIQ5JRSlR651ekJDiGJbBT4sRNNv5ddnSGVEnsxP9XRCVpQ==",
      "dev": true,
      "license": "MIT",
      "dependencies": {
        "bluebird": "^3.5.1",
        "lodash": "^4.17.3",
        "strip-bom": "^2.0.0"
      },
      "bin": {
        "csvtojson": "bin/csvtojson"
      },
      "engines": {
        "node": ">=4.0.0"
      }
    },
    "node_modules/duplexer": {
      "version": "0.1.2",
      "resolved": "https://registry.npmjs.org/duplexer/-/duplexer-0.1.2.tgz",
      "integrity": "sha512-jtD6YG370ZCIi/9GTaJKQxWTZD045+4R4hTk/x1UyoqadyJ9x9CgSi1RlVDQF8U2sxLLSnFkCaMihqljHIWgMg==",
      "license": "MIT"
    },
    "node_modules/forestjs": {
      "version": "1.0.0",
      "resolved": "https://registry.npmjs.org/forestjs/-/forestjs-1.0.0.tgz",
      "integrity": "sha512-TIZn5XiQR3es1z9/Vq3JfDVkG8hMOrOdaRQ8000z/NN0R7DovPACMQwKYYBg6bXq2LYXQ5iWuSw357tlnm1pMw==",
      "license": "MIT",
      "dependencies": {
        "crowdprocess": "^0.5.12"
      }
    },
    "node_modules/hyperquest": {
      "version": "0.3.0",
      "resolved": "https://registry.npmjs.org/hyperquest/-/hyperquest-0.3.0.tgz",
      "integrity": "sha512-62fvFWmgg3z34+BTjXf5NArxWNpLEUSKztmxmXjEdlt/oe7C5S4+6ubcYdPOJB6rclKLZtsWUjFVbUh3iAkTjQ==",
      "license": "MIT",
      "dependencies": {
        "duplexer": "~0.1.0",
        "through": "~2.2.0"
      }
    },
    "node_modules/inherits": {
      "version": "2.0.4",
      "resolved": "https://registry.npmjs.org/inherits/-/inherits-2.0.4.tgz",
      "integrity": "sha512-k/vGaX4/Yla3WzyMCvTQOXYeIHvqOKtnqBduzTHpzpQZzAskKMhZ2K+EnBiSM9zGSoIFeMpXKxa4dYeZIQqewQ==",
      "license": "ISC"
    },
    "node_modules/is-utf8": {
      "version": "0.2.1",
      "resolved": "https://registry.npmjs.org/is-utf8/-/is-utf8-0.2.1.tgz",
      "integrity": "sha512-rMYPYvCzsXywIsldgLaSoPlw5PfoB/ssr7hY4pLfcodrA5M/eArza1a9VmTiNIBNMjOGr1Ow9mTyU2o69U6U9Q==",
      "dev": true,
      "license": "MIT"
    },
    "node_modules/isarray": {
      "version": "0.0.1",
      "resolved": "https://registry.npmjs.org/isarray/-/isarray-0.0.1.tgz",
      "integrity": "sha512-D2S+3GLxWH+uhrNEcoh/fnmYeP8E8/zHl644d/jdA0g2uyXvy3sb0qxotE+ne0LtccHknQzWwZEzhak7oJ0COQ==",
      "license": "MIT"
    },
    "node_modules/lodash": {
      "version": "4.17.21",
      "resolved": "https://registry.npmjs.org/lodash/-/lodash-4.17.21.tgz",
      "integrity": "sha512-v2kDEe57lecTulaDIuNTPy3Ry4gLGJ6Z1O3vE1krgXZNrsQ+LFTGHVxVjcXPs17LhbZVGedAJv8XZ1tvj5FvSg==",
      "dev": true,
      "license": "MIT"
    },
    "node_modules/newline-json": {
      "version": "0.1.1",
      "resolved": "https://registry.npmjs.org/newline-json/-/newline-json-0.1.1.tgz",
      "integrity": "sha512-AFnhTkyTIwRwuEmjJ2jK8pJ/MyB3fyPRWP8d4L6hOUMezWj051FbcVmRmZTDCOmxkbsMrZzfVtaQOShzlFl8jw==",
      "license": "MIT",
      "dependencies": {
        "stream2buffer": "0.0.4"
      }
    },
    "node_modules/readable-stream": {
      "version": "1.1.14",
      "resolved": "https://registry.npmjs.org/readable-stream/-/readable-stream-1.1.14.tgz",
      "integrity": "sha512-+MeVjFf4L44XUkhM1eYbD8fyEsxcV81pqMSR5gblfcLCHfZvbrqy4/qYHE+/R5HoBUT11WV5O08Cr1n3YXkWVQ==",
      "license": "MIT",
      "dependencies": {
        "core-util-is": "~1.0.0",
        "inherits": "~2.0.1",
        "isarray": "0.0.1",
        "string_decoder": "~0.10.x"
      }
    },
    "node_modules/stream2buffer": {
      "version": "0.0.4",
      "resolved": "https://registry.npmjs.org/stream2buffer/-/stream2buffer-0.0.4.tgz",
      "integrity": "sha512-BoPiUKceku5VWOgrhn9h+E+A8YdauD3MwkXIiy5mVN8W4n42XWU+N4PycxkLTD+xAFhV64e8nkPJRjQQ11Ifcg==",
      "license": "MIT",
      "engines": {
        "node": ">= 0.10"
      }
    },
    "node_modules/string_decoder": {
      "version": "0.10.31",
      "resolved": "https://registry.npmjs.org/string_decoder/-/string_decoder-0.10.31.tgz",
      "integrity": "sha512-ev2QzSzWPYmy9GuqfIVildA4OdcGLeFZQrq5ys6RtiuF+RQQiZWr8TZNyAcuVXyQRYfEO+MsoB/1BuQVhOJuoQ==",
      "license": "MIT"
    },
    "node_modules/strip-bom": {
      "version": "2.0.0",
      "resolved": "https://registry.npmjs.org/strip-bom/-/strip-bom-2.0.0.tgz",
      "integrity": "sha512-kwrX1y7czp1E69n2ajbG65mIo9dqvJ+8aBQXOGVxqwvNbsXdFM6Lq37dLAY3mknUwru8CfcCbfOLL/gMo+fi3g==",
      "dev": true,
      "license": "MIT",
      "dependencies": {
        "is-utf8": "^0.2.0"
      },
      "engines": {
        "node": ">=0.10.0"
      }
    },
    "node_modules/through": {
      "version": "2.2.7",
      "resolved": "https://registry.npmjs.org/through/-/through-2.2.7.tgz",
      "integrity": "sha512-JIR0m0ybkmTcR8URann+HbwKmodP+OE8UCbsifQDYMLD5J3em1Cdn3MYPpbEd5elGDwmP98T+WbqP/tvzA5Mjg==",
      "license": "MIT"
    }
  }
}
